
Microsoft Visual Studio Solution File, Format Version 12.00
# Visual Studio Version 16
VisualStudioVersion = 16.0.30907.101
MinimumVisualStudioVersion = 10.0.40219.1
Project("{9A19103F-16F7-4668-BE54-9A1E7A4F7556}") = "TruSaber", "src\TruSaber\TruSaber.csproj", "{0512EA88-E54C-4DF0-A5D0-A0C5DE284B62}"
EndProject
Project("{9A19103F-16F7-4668-BE54-9A1E7A4F7556}") = "AnimationAux", "lib\XnaAux\AnimationAux\AnimationAux.csproj", "{F2F7FA8C-1FC7-42CC-93D8-E5DFF48AC09B}"
EndProject
Project("{9A19103F-16F7-4668-BE54-9A1E7A4F7556}") = "AnimationPipeline", "lib\XnaAux\AnimationPipeline\AnimationPipeline.csproj", "{FF2FBE94-50B5-4E78-9592-B95F32A8881E}"
EndProject
Project("{9A19103F-16F7-4668-BE54-9A1E7A4F7556}") = "TruSaber.DebugTool", "src\TruSaber.DebugTool\TruSaber.DebugTool.csproj", "{C73BE40B-2FFA-4601-8CCE-EF87CD37C510}"
EndProject
Project("{9A19103F-16F7-4668-BE54-9A1E7A4F7556}") = "BeatMapLib", "src\BeatMapLib\BeatMapLib.csproj", "{BEBB2BF3-AE87-48FC-BC75-D8F8B95E9CCD}"
EndProject
Project("{2150E333-8FDC-42A3-9474-1A3956D46DE8}") = "src", "src", "{7E4C6F2B-47EF-41E5-9A89-DF9F2B3945B9}"
EndProject
Project("{2150E333-8FDC-42A3-9474-1A3956D46DE8}") = "lib", "lib", "{6DE9EAA4-268B-4B80-B6BC-73C56C1AF24F}"
EndProject
Project("{2150E333-8FDC-42A3-9474-1A3956D46DE8}") = "XnaAux", "XnaAux", "{E3DC2619-9C12-40A6-948A-376C3C3F5968}"
EndProject
Project("{2150E333-8FDC-42A3-9474-1A3956D46DE8}") = "misc", "misc", "{22964393-1068-4899-8197-0B981B73E4B7}"
ProjectSection(SolutionItems) = preProject
	.gitignore = .gitignore
	Directory.Build.props = Directory.Build.props
EndProjectSection
EndProject
Project("{2150E333-8FDC-42A3-9474-1A3956D46DE8}") = "RocketUI", "RocketUI", "{D47AC09E-916B-49FB-A976-8823F984A1DE}"
EndProject
Project("{FAE04EC0-301F-11D3-BF4B-00C04F79EFBC}") = "RocketUI", "lib\RocketUI\src\RocketUI\RocketUI.csproj", "{23F85368-C4AC-470F-984A-6047D2675594}"
EndProject
Project("{FAE04EC0-301F-11D3-BF4B-00C04F79EFBC}") = "RocketUI.Design.Host", "lib\RocketUI\src\RocketUI.Design.Host\RocketUI.Design.Host.csproj", "{9E478E1F-0C12-43B5-9506-D0A12DF19242}"
EndProject
Project("{FAE04EC0-301F-11D3-BF4B-00C04F79EFBC}") = "RocketUI.Design", "lib\RocketUI\src\RocketUI.Design\RocketUI.Design.csproj", "{5BEC879F-1218-483E-B333-F66F2C581EA2}"
EndProject
Project("{2150E333-8FDC-42A3-9474-1A3956D46DE8}") = "SharpVR", "SharpVR", "{171AADFA-776B-422F-BFB0-222290904EB0}"
EndProject
Project("{FAE04EC0-301F-11D3-BF4B-00C04F79EFBC}") = "SharpVR", "lib\SharpVR\SharpVR\SharpVR.csproj", "{2BCEAE3E-0D1D-4531-AC64-F3AA95704446}"
EndProject
Global
	GlobalSection(SolutionConfigurationPlatforms) = preSolution
		Debug|Any CPU = Debug|Any CPU
		Debug|x64 = Debug|x64
		Debug|x86 = Debug|x86
		Release|Any CPU = Release|Any CPU
		DirectX|Any CPU = DirectX|Any CPU
	EndGlobalSection
	GlobalSection(ProjectConfigurationPlatforms) = postSolution
		{0512EA88-E54C-4DF0-A5D0-A0C5DE284B62}.Release|Any CPU.ActiveCfg = Release|Any CPU
		{0512EA88-E54C-4DF0-A5D0-A0C5DE284B62}.Release|Any CPU.Build.0 = Release|Any CPU
		{0512EA88-E54C-4DF0-A5D0-A0C5DE284B62}.DirectX|Any CPU.ActiveCfg = DirectX|Any CPU
		{0512EA88-E54C-4DF0-A5D0-A0C5DE284B62}.DirectX|Any CPU.Build.0 = DirectX|Any CPU
		{0512EA88-E54C-4DF0-A5D0-A0C5DE284B62}.Debug|x64.ActiveCfg = Debug|x64
		{0512EA88-E54C-4DF0-A5D0-A0C5DE284B62}.Debug|x64.Build.0 = Debug|x64
		{0512EA88-E54C-4DF0-A5D0-A0C5DE284B62}.Debug|Any CPU.ActiveCfg = Debug|Any CPU
		{0512EA88-E54C-4DF0-A5D0-A0C5DE284B62}.Debug|Any CPU.Build.0 = Debug|Any CPU
		{0512EA88-E54C-4DF0-A5D0-A0C5DE284B62}.Debug|x86.ActiveCfg = Debug|x86
		{0512EA88-E54C-4DF0-A5D0-A0C5DE284B62}.Debug|x86.Build.0 = Debug|x86
		{F2F7FA8C-1FC7-42CC-93D8-E5DFF48AC09B}.Release|Any CPU.ActiveCfg = Release|Any CPU
		{F2F7FA8C-1FC7-42CC-93D8-E5DFF48AC09B}.Release|Any CPU.Build.0 = Release|Any CPU
		{F2F7FA8C-1FC7-42CC-93D8-E5DFF48AC09B}.DirectX|Any CPU.ActiveCfg = DirectX|Any CPU
		{F2F7FA8C-1FC7-42CC-93D8-E5DFF48AC09B}.DirectX|Any CPU.Build.0 = DirectX|Any CPU
		{F2F7FA8C-1FC7-42CC-93D8-E5DFF48AC09B}.Debug|x64.ActiveCfg = Debug|x64
		{F2F7FA8C-1FC7-42CC-93D8-E5DFF48AC09B}.Debug|x64.Build.0 = Debug|x64
		{F2F7FA8C-1FC7-42CC-93D8-E5DFF48AC09B}.Debug|x86.ActiveCfg = Debug|x86
		{F2F7FA8C-1FC7-42CC-93D8-E5DFF48AC09B}.Debug|x86.Build.0 = Debug|x86
		{F2F7FA8C-1FC7-42CC-93D8-E5DFF48AC09B}.Debug|Any CPU.ActiveCfg = Debug|Any CPU
		{F2F7FA8C-1FC7-42CC-93D8-E5DFF48AC09B}.Debug|Any CPU.Build.0 = Debug|Any CPU
		{FF2FBE94-50B5-4E78-9592-B95F32A8881E}.Release|Any CPU.ActiveCfg = Release|Any CPU
		{FF2FBE94-50B5-4E78-9592-B95F32A8881E}.Release|Any CPU.Build.0 = Release|Any CPU
		{FF2FBE94-50B5-4E78-9592-B95F32A8881E}.DirectX|Any CPU.ActiveCfg = DirectX|Any CPU
		{FF2FBE94-50B5-4E78-9592-B95F32A8881E}.DirectX|Any CPU.Build.0 = DirectX|Any CPU
		{FF2FBE94-50B5-4E78-9592-B95F32A8881E}.Debug|x64.ActiveCfg = Debug|x64
		{FF2FBE94-50B5-4E78-9592-B95F32A8881E}.Debug|x64.Build.0 = Debug|x64
		{FF2FBE94-50B5-4E78-9592-B95F32A8881E}.Debug|x86.ActiveCfg = Debug|x86
		{FF2FBE94-50B5-4E78-9592-B95F32A8881E}.Debug|x86.Build.0 = Debug|x86
		{FF2FBE94-50B5-4E78-9592-B95F32A8881E}.Debug|Any CPU.ActiveCfg = Debug|Any CPU
		{FF2FBE94-50B5-4E78-9592-B95F32A8881E}.Debug|Any CPU.Build.0 = Debug|Any CPU
		{C73BE40B-2FFA-4601-8CCE-EF87CD37C510}.Release|Any CPU.ActiveCfg = Release|Any CPU
		{C73BE40B-2FFA-4601-8CCE-EF87CD37C510}.Release|Any CPU.Build.0 = Release|Any CPU
		{C73BE40B-2FFA-4601-8CCE-EF87CD37C510}.DirectX|Any CPU.ActiveCfg = DirectX|Any CPU
		{C73BE40B-2FFA-4601-8CCE-EF87CD37C510}.DirectX|Any CPU.Build.0 = DirectX|Any CPU
		{C73BE40B-2FFA-4601-8CCE-EF87CD37C510}.Debug|x64.ActiveCfg = Debug|x64
		{C73BE40B-2FFA-4601-8CCE-EF87CD37C510}.Debug|x64.Build.0 = Debug|x64
		{C73BE40B-2FFA-4601-8CCE-EF87CD37C510}.Debug|Any CPU.ActiveCfg = Debug|Any CPU
		{C73BE40B-2FFA-4601-8CCE-EF87CD37C510}.Debug|Any CPU.Build.0 = Debug|Any CPU
		{C73BE40B-2FFA-4601-8CCE-EF87CD37C510}.Debug|x86.ActiveCfg = Debug|x86
		{C73BE40B-2FFA-4601-8CCE-EF87CD37C510}.Debug|x86.Build.0 = Debug|x86
		{BEBB2BF3-AE87-48FC-BC75-D8F8B95E9CCD}.Debug|Any CPU.ActiveCfg = Debug|Any CPU
		{BEBB2BF3-AE87-48FC-BC75-D8F8B95E9CCD}.Debug|Any CPU.Build.0 = Debug|Any CPU
		{BEBB2BF3-AE87-48FC-BC75-D8F8B95E9CCD}.Release|Any CPU.ActiveCfg = Release|Any CPU
		{BEBB2BF3-AE87-48FC-BC75-D8F8B95E9CCD}.Release|Any CPU.Build.0 = Release|Any CPU
		{BEBB2BF3-AE87-48FC-BC75-D8F8B95E9CCD}.DirectX|Any CPU.ActiveCfg = DirectX|Any CPU
		{BEBB2BF3-AE87-48FC-BC75-D8F8B95E9CCD}.DirectX|Any CPU.Build.0 = DirectX|Any CPU
		{BEBB2BF3-AE87-48FC-BC75-D8F8B95E9CCD}.Debug|x64.ActiveCfg = Debug|x64
		{BEBB2BF3-AE87-48FC-BC75-D8F8B95E9CCD}.Debug|x64.Build.0 = Debug|x64
		{BEBB2BF3-AE87-48FC-BC75-D8F8B95E9CCD}.Debug|x86.ActiveCfg = Debug|x86
		{BEBB2BF3-AE87-48FC-BC75-D8F8B95E9CCD}.Debug|x86.Build.0 = Debug|x86
		{23F85368-C4AC-470F-984A-6047D2675594}.Debug|Any CPU.ActiveCfg = Debug|Any CPU
		{23F85368-C4AC-470F-984A-6047D2675594}.Debug|Any CPU.Build.0 = Debug|Any CPU
		{23F85368-C4AC-470F-984A-6047D2675594}.Debug|x64.ActiveCfg = Debug|x64
		{23F85368-C4AC-470F-984A-6047D2675594}.Debug|x64.Build.0 = Debug|x64
		{23F85368-C4AC-470F-984A-6047D2675594}.Debug|x86.ActiveCfg = Debug|x86
		{23F85368-C4AC-470F-984A-6047D2675594}.Debug|x86.Build.0 = Debug|x86
		{23F85368-C4AC-470F-984A-6047D2675594}.Release|Any CPU.ActiveCfg = Release|Any CPU
		{23F85368-C4AC-470F-984A-6047D2675594}.Release|Any CPU.Build.0 = Release|Any CPU
		{23F85368-C4AC-470F-984A-6047D2675594}.DirectX|Any CPU.ActiveCfg = Debug|Any CPU
		{23F85368-C4AC-470F-984A-6047D2675594}.DirectX|Any CPU.Build.0 = Debug|Any CPU
		{9E478E1F-0C12-43B5-9506-D0A12DF19242}.Debug|Any CPU.ActiveCfg = Debug|Any CPU
		{9E478E1F-0C12-43B5-9506-D0A12DF19242}.Debug|Any CPU.Build.0 = Debug|Any CPU
		{9E478E1F-0C12-43B5-9506-D0A12DF19242}.Debug|x64.ActiveCfg = Debug|x64
		{9E478E1F-0C12-43B5-9506-D0A12DF19242}.Debug|x64.Build.0 = Debug|x64
		{9E478E1F-0C12-43B5-9506-D0A12DF19242}.Debug|x86.ActiveCfg = Debug|x86
		{9E478E1F-0C12-43B5-9506-D0A12DF19242}.Debug|x86.Build.0 = Debug|x86
		{9E478E1F-0C12-43B5-9506-D0A12DF19242}.Release|Any CPU.ActiveCfg = Release|Any CPU
		{9E478E1F-0C12-43B5-9506-D0A12DF19242}.Release|Any CPU.Build.0 = Release|Any CPU
		{9E478E1F-0C12-43B5-9506-D0A12DF19242}.DirectX|Any CPU.ActiveCfg = Debug|Any CPU
		{9E478E1F-0C12-43B5-9506-D0A12DF19242}.DirectX|Any CPU.Build.0 = Debug|Any CPU
		{5BEC879F-1218-483E-B333-F66F2C581EA2}.Debug|Any CPU.ActiveCfg = Debug|Any CPU
		{5BEC879F-1218-483E-B333-F66F2C581EA2}.Debug|Any CPU.Build.0 = Debug|Any CPU
		{5BEC879F-1218-483E-B333-F66F2C581EA2}.Debug|x64.ActiveCfg = Debug|Any CPU
		{5BEC879F-1218-483E-B333-F66F2C581EA2}.Debug|x64.Build.0 = Debug|Any CPU
		{5BEC879F-1218-483E-B333-F66F2C581EA2}.Debug|x86.ActiveCfg = Debug|Any CPU
		{5BEC879F-1218-483E-B333-F66F2C581EA2}.Debug|x86.Build.0 = Debug|Any CPU
		{5BEC879F-1218-483E-B333-F66F2C581EA2}.Release|Any CPU.ActiveCfg = Release|Any CPU
		{5BEC879F-1218-483E-B333-F66F2C581EA2}.Release|Any CPU.Build.0 = Release|Any CPU
		{5BEC879F-1218-483E-B333-F66F2C581EA2}.DirectX|Any CPU.ActiveCfg = Debug|Any CPU
		{5BEC879F-1218-483E-B333-F66F2C581EA2}.DirectX|Any CPU.Build.0 = Debug|Any CPU
		{2BCEAE3E-0D1D-4531-AC64-F3AA95704446}.Debug|Any CPU.ActiveCfg = Debug|Any CPU
		{2BCEAE3E-0D1D-4531-AC64-F3AA95704446}.Debug|Any CPU.Build.0 = Debug|Any CPU
		{2BCEAE3E-0D1D-4531-AC64-F3AA95704446}.Debug|x64.ActiveCfg = Debug|x64
		{2BCEAE3E-0D1D-4531-AC64-F3AA95704446}.Debug|x64.Build.0 = Debug|x64
		{2BCEAE3E-0D1D-4531-AC64-F3AA95704446}.Debug|x86.ActiveCfg = Debug|x86
		{2BCEAE3E-0D1D-4531-AC64-F3AA95704446}.Debug|x86.Build.0 = Debug|x86
		{2BCEAE3E-0D1D-4531-AC64-F3AA95704446}.Release|Any CPU.ActiveCfg = Release|Any CPU
		{2BCEAE3E-0D1D-4531-AC64-F3AA95704446}.Release|Any CPU.Build.0 = Release|Any CPU
		{2BCEAE3E-0D1D-4531-AC64-F3AA95704446}.DirectX|Any CPU.ActiveCfg = DirectX|Any CPU
		{2BCEAE3E-0D1D-4531-AC64-F3AA95704446}.DirectX|Any CPU.Build.0 = DirectX|Any CPU
	EndGlobalSection
	GlobalSection(SolutionProperties) = preSolution
		HideSolutionNode = FALSE
	EndGlobalSection
	GlobalSection(ExtensibilityGlobals) = postSolution
		SolutionGuid = {162DA582-5E7D-415B-A152-9A15C55D42F5}
	EndGlobalSection
	GlobalSection(NestedProjects) = preSolution
		{BEBB2BF3-AE87-48FC-BC75-D8F8B95E9CCD} = {7E4C6F2B-47EF-41E5-9A89-DF9F2B3945B9}
		{0512EA88-E54C-4DF0-A5D0-A0C5DE284B62} = {7E4C6F2B-47EF-41E5-9A89-DF9F2B3945B9}
		{E3DC2619-9C12-40A6-948A-376C3C3F5968} = {6DE9EAA4-268B-4B80-B6BC-73C56C1AF24F}
		{FF2FBE94-50B5-4E78-9592-B95F32A8881E} = {E3DC2619-9C12-40A6-948A-376C3C3F5968}
		{F2F7FA8C-1FC7-42CC-93D8-E5DFF48AC09B} = {E3DC2619-9C12-40A6-948A-376C3C3F5968}
		{D47AC09E-916B-49FB-A976-8823F984A1DE} = {6DE9EAA4-268B-4B80-B6BC-73C56C1AF24F}
		{23F85368-C4AC-470F-984A-6047D2675594} = {D47AC09E-916B-49FB-A976-8823F984A1DE}
		{9E478E1F-0C12-43B5-9506-D0A12DF19242} = {D47AC09E-916B-49FB-A976-8823F984A1DE}
		{5BEC879F-1218-483E-B333-F66F2C581EA2} = {D47AC09E-916B-49FB-A976-8823F984A1DE}
		{171AADFA-776B-422F-BFB0-222290904EB0} = {6DE9EAA4-268B-4B80-B6BC-73C56C1AF24F}
		{2BCEAE3E-0D1D-4531-AC64-F3AA95704446} = {171AADFA-776B-422F-BFB0-222290904EB0}
	EndGlobalSection
EndGlobal
